<?xml version="1.0" encoding="utf-8"?>
<Project ToolsVersion="4.0" xmlns="http://schemas.microsoft.com/developer/msbuild/2003">
  <ItemGroup>
    <Filter Include="Console">
      <UniqueIdentifier>{389F3134-A47E-B0CF-AD96-3BA619F51631}</UniqueIdentifier>
    </Filter>
    <Filter Include="Graphics">
      <UniqueIdentifier>{1653CE33-0220-293F-2B39-17E717655ECD}</UniqueIdentifier>
    </Filter>
    <Filter Include="MemoryTracker">
      <UniqueIdentifier>{0A814603-7641-C239-3F7C-0BB7ABFB0616}</UniqueIdentifier>
    </Filter>
    <Filter Include="Shaders">
      <UniqueIdentifier>{EFAC8DF2-5B8C-0C8E-64A4-9764D00273EF}</UniqueIdentifier>
    </Filter>
    <Filter Include="Timer">
      <UniqueIdentifier>{667B2A0E-D28F-52BF-9B11-F61E07E54EF0}</UniqueIdentifier>
    </Filter>
    <Filter Include="Triangle">
      <UniqueIdentifier>{DB3AC344-C707-1E50-F020-0CF8DC4C53DE}</UniqueIdentifier>
    </Filter>
  </ItemGroup>
  <ItemGroup>
    <ClInclude Include="Console\Console.h">
      <Filter>Console</Filter>
    </ClInclude>
    <ClInclude Include="Graphics\GraphicsEngine.h">
      <Filter>Graphics</Filter>
    </ClInclude>
    <ClInclude Include="MemoryTracker\MemoryTracker.h">
      <Filter>MemoryTracker</Filter>
    </ClInclude>
    <ClInclude Include="MemoryTracker\StackTrace.h">
      <Filter>MemoryTracker</Filter>
    </ClInclude>
    <ClInclude Include="MemoryTracker\StackWalker.h">
      <Filter>MemoryTracker</Filter>
    </ClInclude>
    <ClInclude Include="Timer\Timer.h">
      <Filter>Timer</Filter>
    </ClInclude>
    <ClInclude Include="Triangle\Triangle.h">
      <Filter>Triangle</Filter>
    </ClInclude>
    <ClInclude Include="engine.h" />
  </ItemGroup>
  <ItemGroup>
    <ClCompile Include="Console\Console.cpp">
      <Filter>Console</Filter>
    </ClCompile>
    <ClCompile Include="Graphics\GraphicsEngine.cpp">
      <Filter>Graphics</Filter>
    </ClCompile>
    <ClCompile Include="MemoryTracker\MemoryTracker.cpp">
      <Filter>MemoryTracker</Filter>
    </ClCompile>
    <ClCompile Include="MemoryTracker\StackTrace.cpp">
      <Filter>MemoryTracker</Filter>
    </ClCompile>
    <ClCompile Include="MemoryTracker\StackWalker.cpp">
      <Filter>MemoryTracker</Filter>
    </ClCompile>
    <ClCompile Include="Timer\Timer.cpp">
      <Filter>Timer</Filter>
    </ClCompile>
    <ClCompile Include="Triangle\Triangle.cpp">
      <Filter>Triangle</Filter>
    </ClCompile>
    <ClCompile Include="engine.cpp" />
  </ItemGroup>
  <ItemGroup>
    <FxCompile Include="Shaders\TrianglePS.hlsl">
      <Filter>Shaders</Filter>
    </FxCompile>
    <FxCompile Include="Shaders\TriangleVS.hlsl">
      <Filter>Shaders</Filter>
    </FxCompile>
  </ItemGroup>
</Project>